{
    "_meta": {
        "hash": {
            "sha256": "ce3ca27eafa3ee6d674c853fcc16e2fc9220058e3e5cad644e7212404c9e6313"
        },
        "pipfile-spec": 6,
        "requires": {
            "python_version": "3.7"
        },
        "sources": [
            {
                "name": "pypi",
                "url": "https://pypi.org/simple",
                "verify_ssl": true
            }
        ]
    },
    "default": {
        "aiofiles": {
            "hashes": [
                "sha256:021ea0ba314a86027c166ecc4b4c07f2d40fc0f4b3a950d1868a0f2571c2bbee",
                "sha256:1e644c2573f953664368de28d2aa4c89dfd64550429d0c27c4680ccd3aa4985d"
            ],
            "index": "pypi",
            "version": "==0.4.0"
        },
        "aiohttp": {
            "hashes": [
                "sha256:02396865118790ebb0bd14d6935e9e4fa80d87683240618894e585048a8b83ec",
                "sha256:0f448b5d5cd45e642b9fcf4798e48cca4149ae479022f59bd67a47caed44657e",
                "sha256:1af72f53ccead6d161296e576aa2b5d0c6c7403a389601dd7aa7a7a30a9f41c3",
                "sha256:32eeef64a5bcf6dc652f19e020b16f36ec66d291957f62ffad18ecfc58695966",
                "sha256:36c4e234a85a81e325d8b1d7fdeb696a3d51bb8eb09a8c8e69c7532b421e8a29",
                "sha256:371a5f1bb604fc262ba32893931f5aad3bb3e797dbebcf2b5b2c36f97603e4c7",
                "sha256:3f5a30f67e4152d4075063ae9f2286313af2e39b950869edba76232569e08793",
                "sha256:48c65d65d0de79f1a4391bc29c8c8ec7655671a03ad7902d5e66fd735531893e",
                "sha256:4ede22808195126d55879f1a14aaa3d1004f188c341f92ec3b9ca5ea13e695b9",
                "sha256:53228028648b40f59fc941c0cd67b7899bce52f35eb66aeb9e33b75bac0aac0a",
                "sha256:67cb8e71c043686f806cfdb4189774c57ef929d32890024c3775d72b54381797",
                "sha256:6b1e99dc838c28f14e45bffef6fb77bf5b54bd2bfb1a475c776da5ba8a9fec2d",
                "sha256:6c30eca95e7d60fbf13e6ebcaf62b7c0f3f93ec5de8862919aa5ede3720b1c86",
                "sha256:6f2c905ab82aa0ee8a06210d5a6c1359c79f3f2088cc1b53c8758cae1dbc0d55",
                "sha256:746b73eff86a1618025093b9c86ff4d642cff71a7ac7244f7fd8a186967cee22",
                "sha256:9ebf518c7bc08e65b5396f80e8155c7bb1380b921b84b510570e62196c9fca56",
                "sha256:9efc80ced0936f3fb2774e1bc981006324c74d1e58fc7f7164ecd98ede727c7d",
                "sha256:abc43651f2c6d70b812cb874fc8caa00eb69fac11930cd2640d32a11ee7beef0",
                "sha256:b4c6e1f5a591511537d4ccd4c807f6c8bb8d1b8a5043395950ba339086380904",
                "sha256:bee80820a8ef5f6bddd58d762fc9f981ef1041a464d382d7d9a992bb94cd23c6",
                "sha256:f0c304dcc1494dbc3fc492ebc2e61d0db323be9756a1bb14f407097d8adf82ec",
                "sha256:fb9c2f27d2db6d709a02421733bb6ad22e16104beb2cf403e1120c24f3cc8668"
            ],
            "index": "pypi",
            "version": "==4.0.0a0"
        },
        "altgraph": {
            "hashes": [
                "sha256:d6814989f242b2b43025cba7161fc1b8fb487a62cd49c49245d6fd01c18ac997",
                "sha256:ddf5320017147ba7b810198e0b6619bd7b5563aa034da388cea8546b877f9b0c"
            ],
            "version": "==0.16.1"
        },
        "asn1crypto": {
            "hashes": [
                "sha256:2f1adbb7546ed199e3c90ef23ec95c5cf3585bac7d11fb7eb562a3fe89c64e87",
                "sha256:9d5c20441baf0cb60a4ac34cc447c6c189024b6b4c6cd7877034f4965c464e49"
            ],
            "version": "==0.24.0"
        },
        "async-timeout": {
            "hashes": [
                "sha256:0c3c816a028d47f659d6ff5c745cb2acf1f966da1fe5c19c77a70282b25f4c5f",
                "sha256:4291ca197d287d274d0b6cb5d6f8f8f82d434ed288f962539ff18cc9012f9ea3"
            ],
            "index": "pypi",
            "version": "==3.0.1"
        },
        "asyncssh": {
            "hashes": [
                "sha256:2573a4710752d02c6dba5b82abc8010c684562467ceecf8cf3cd03e564c94e0e",
                "sha256:b9e4612daed054725d658726dda7dfdd9f9deb711102e874d197c326bc0a2a62"
            ],
            "index": "pypi",
            "version": "==1.16.1"
        },
        "attrs": {
            "hashes": [
                "sha256:69c0dbf2ed392de1cb5ec704444b08a5ef81680a61cb899dc08127123af36a79",
                "sha256:f0b870f674851ecbfbbbd364d6b5cbdff9dcedbc7f3f5e18a6891057f21fe399"
            ],
            "version": "==19.1.0"
        },
        "certifi": {
            "hashes": [
                "sha256:59b7658e26ca9c7339e00f8f4636cdfe59d34fa37b9b04f6f9e9926b3cece1a5",
                "sha256:b26104d6835d1f5e49452a26eb2ff87fe7090b89dfcaee5ea2212697e1e1d7ae"
            ],
            "version": "==2019.3.9"
        },
        "cffi": {
            "hashes": [
                "sha256:041c81822e9f84b1d9c401182e174996f0bae9991f33725d059b771744290774",
                "sha256:046ef9a22f5d3eed06334d01b1e836977eeef500d9b78e9ef693f9380ad0b83d",
                "sha256:066bc4c7895c91812eff46f4b1c285220947d4aa46fa0a2651ff85f2afae9c90",
                "sha256:066c7ff148ae33040c01058662d6752fd73fbc8e64787229ea8498c7d7f4041b",
                "sha256:2444d0c61f03dcd26dbf7600cf64354376ee579acad77aef459e34efcb438c63",
                "sha256:300832850b8f7967e278870c5d51e3819b9aad8f0a2c8dbe39ab11f119237f45",
                "sha256:34c77afe85b6b9e967bd8154e3855e847b70ca42043db6ad17f26899a3df1b25",
                "sha256:46de5fa00f7ac09f020729148ff632819649b3e05a007d286242c4882f7b1dc3",
                "sha256:4aa8ee7ba27c472d429b980c51e714a24f47ca296d53f4d7868075b175866f4b",
                "sha256:4d0004eb4351e35ed950c14c11e734182591465a33e960a4ab5e8d4f04d72647",
                "sha256:4e3d3f31a1e202b0f5a35ba3bc4eb41e2fc2b11c1eff38b362de710bcffb5016",
                "sha256:50bec6d35e6b1aaeb17f7c4e2b9374ebf95a8975d57863546fa83e8d31bdb8c4",
                "sha256:55cad9a6df1e2a1d62063f79d0881a414a906a6962bc160ac968cc03ed3efcfb",
                "sha256:5662ad4e4e84f1eaa8efce5da695c5d2e229c563f9d5ce5b0113f71321bcf753",
                "sha256:59b4dc008f98fc6ee2bb4fd7fc786a8d70000d058c2bbe2698275bc53a8d3fa7",
                "sha256:73e1ffefe05e4ccd7bcea61af76f36077b914f92b76f95ccf00b0c1b9186f3f9",
                "sha256:a1f0fd46eba2d71ce1589f7e50a9e2ffaeb739fb2c11e8192aa2b45d5f6cc41f",
                "sha256:a2e85dc204556657661051ff4bab75a84e968669765c8a2cd425918699c3d0e8",
                "sha256:a5457d47dfff24882a21492e5815f891c0ca35fefae8aa742c6c263dac16ef1f",
                "sha256:a8dccd61d52a8dae4a825cdbb7735da530179fea472903eb871a5513b5abbfdc",
                "sha256:ae61af521ed676cf16ae94f30fe202781a38d7178b6b4ab622e4eec8cefaff42",
                "sha256:b012a5edb48288f77a63dba0840c92d0504aa215612da4541b7b42d849bc83a3",
                "sha256:d2c5cfa536227f57f97c92ac30c8109688ace8fa4ac086d19d0af47d134e2909",
                "sha256:d42b5796e20aacc9d15e66befb7a345454eef794fdb0737d1af593447c6c8f45",
                "sha256:dee54f5d30d775f525894d67b1495625dd9322945e7fee00731952e0368ff42d",
                "sha256:e070535507bd6aa07124258171be2ee8dfc19119c28ca94c9dfb7efd23564512",
                "sha256:e1ff2748c84d97b065cc95429814cdba39bcbd77c9c85c89344b317dc0d9cbff",
                "sha256:ed851c75d1e0e043cbf5ca9a8e1b13c4c90f3fbd863dacb01c0808e2b5204201"
            ],
            "version": "==1.12.3"
        },
        "chardet": {
            "hashes": [
                "sha256:84ab92ed1c4d4f16916e05906b6b75a6c0fb5db821cc65e70cbd64a3e2a5eaae",
                "sha256:fc323ffcaeaed0e0a02bf4d117757b98aed530d9ed4531e3e15460124c106691"
            ],
            "version": "==3.0.4"
        },
        "click": {
            "hashes": [
                "sha256:2335065e6395b9e67ca716de5f7526736bfa6ceead690adf616d925bdc622b13",
                "sha256:5b94b49521f6456670fdb30cd82a4eca9412788a93fa6dd6df72c94d5a8ff2d7"
            ],
            "version": "==7.0"
        },
        "cloudpickle": {
            "hashes": [
                "sha256:c5646e5deed598dc6281e721d8a85fff032b4bcfa3a3178ab9e9f125cc22e82a",
                "sha256:f1615ab5d1e29cc4b962a6452590e8c857c92d955e2c1172521fb3779d7feffa"
            ],
            "version": "==1.0.0"
        },
        "confluent-kafka": {
            "hashes": [
                "sha256:0043e55c7763f8c9658e46545a21a01dc42208f4d0c6b1c293a21c3ed564c9f6",
                "sha256:0960a6281f127913b5f204442467a16974037f8447b42f1345f0c50305be48d3",
                "sha256:2fb24f7ec787b4d352a66c9298df3374f0f240d54ddafeb6714ee439c2c18ab8",
                "sha256:366dcda5f5e895351572c4a6db5bb072ea0868e08180f22ae1fd0da9b05bdcf0",
                "sha256:37c33b0ded017a1959a90ec4fb13f4236876a5e6e7b6ec898a1d880f2b095d8d",
                "sha256:3c53df7cd25855c46bc3c88e1331e5efc1910f452ed4a5c400a9579acac9057a",
                "sha256:3c78b23239a041dfc0cbdb0a12ce9734696291f7358afcc0b721809ca2bb3301",
                "sha256:4a7d41c896a2230f9d3682bc860c9296d62bcafbd82d65643873822bc5ca977b",
                "sha256:57b0bf04c9fdc1c49d9c2673c57a8ecfc08476b250601787fd7d175a5c444afd",
                "sha256:5d35b0160b54a52598f4f8fbb4a790f00d190a925034d6c97755c5be3ebb26a1",
                "sha256:6a8eb66ca218ebf6852296830218e3bc9df982acef21a57c4bf468f6f8481d9c",
                "sha256:6e7f683afc32cdc8db927df1e54a767e08a7c3cb35246f9b77c64a2ee48afacf",
                "sha256:709f0a51cccb2b30c9046ade8099404c1f8f6ae0cf8c9b03bbd6e8957bf89439",
                "sha256:70f9cffca40cfacdf9cbc5f0bbfb5bf484d993f1c75dd76b554635daac97de63",
                "sha256:75a1c1ffd0b777714d3b2fe97874d7b21b1a17a6f726e711a1bc1446d8f9fda6",
                "sha256:7745bcfabcc00f2c6d3391c6dda6e86d9386265fb183c75936a7a9571b1f470f",
                "sha256:7912b1b8cf84af8d0e530d746356752e1ca6f8b08c59d64f4fa7457fbd7f556f",
                "sha256:7d49bd472e3776706dc1ed60139fcc84a2f39097f0c6d9ae3f8a56e524a0ed6b",
                "sha256:8282a33beba177f4026158848d2ae633132e88214a406d6c6b4ceeffe752f878",
                "sha256:96348187a407603fdc43a6bb93c67962b0f098813ae6ee14e79a63937a3b0c11",
                "sha256:a7427944af963410479c2aaae27cc9d28db39c9a93299f14dcf16df80092c63a",
                "sha256:bf3efdb3418eb98a3eb6f32b20e3455c180d2208f5a8ef82c1021c1c2aeb54ed",
                "sha256:c1fa55b97a56298a29e794c84681258d9e4a703b2c2d0411cae7e5016fb7adfd",
                "sha256:cd13400d07d7f51c2f7b6d5b97986bf15ab3de6fdbac815acfac6ad70d54161f",
                "sha256:d23e0fe4c60f45dc84af849c2d832658e11fb0383f3e005d4ebaa7938813a232",
                "sha256:dbd110669d524835a728ba2df7cda048e21c65be34860fff7933509119c95ef8"
            ],
            "index": "pypi",
            "version": "==1.0.0"
        },
        "cryptography": {
            "hashes": [
                "sha256:066f815f1fe46020877c5983a7e747ae140f517f1b09030ec098503575265ce1",
                "sha256:210210d9df0afba9e000636e97810117dc55b7157c903a55716bb73e3ae07705",
                "sha256:26c821cbeb683facb966045e2064303029d572a87ee69ca5a1bf54bf55f93ca6",
                "sha256:2afb83308dc5c5255149ff7d3fb9964f7c9ee3d59b603ec18ccf5b0a8852e2b1",
                "sha256:2db34e5c45988f36f7a08a7ab2b69638994a8923853dec2d4af121f689c66dc8",
                "sha256:409c4653e0f719fa78febcb71ac417076ae5e20160aec7270c91d009837b9151",
                "sha256:45a4f4cf4f4e6a55c8128f8b76b4c057027b27d4c67e3fe157fa02f27e37830d",
                "sha256:48eab46ef38faf1031e58dfcc9c3e71756a1108f4c9c966150b605d4a1a7f659",
                "sha256:6b9e0ae298ab20d371fc26e2129fd683cfc0cfde4d157c6341722de645146537",
                "sha256:6c4778afe50f413707f604828c1ad1ff81fadf6c110cb669579dea7e2e98a75e",
                "sha256:8c33fb99025d353c9520141f8bc989c2134a1f76bac6369cea060812f5b5c2bb",
                "sha256:9873a1760a274b620a135054b756f9f218fa61ca030e42df31b409f0fb738b6c",
                "sha256:9b069768c627f3f5623b1cbd3248c5e7e92aec62f4c98827059eed7053138cc9",
                "sha256:9e4ce27a507e4886efbd3c32d120db5089b906979a4debf1d5939ec01b9dd6c5",
                "sha256:acb424eaca214cb08735f1a744eceb97d014de6530c1ea23beb86d9c6f13c2ad",
                "sha256:c8181c7d77388fe26ab8418bb088b1a1ef5fde058c6926790c8a0a3d94075a4a",
                "sha256:d4afbb0840f489b60f5a580a41a1b9c3622e08ecb5eec8614d4fb4cd914c4460",
                "sha256:d9ed28030797c00f4bc43c86bf819266c76a5ea61d006cd4078a93ebf7da6bfd",
                "sha256:e603aa7bb52e4e8ed4119a58a03b60323918467ef209e6ff9db3ac382e5cf2c6"
            ],
            "version": "==2.6.1"
        },
        "dask": {
            "extras": [
                "complete"
            ],
            "hashes": [
                "sha256:5e7876bae2a01b355d1969b73aeafa23310febd8c353163910b73e93dc7e492c",
                "sha256:942edbbaceb914be3427fc6f1d5da98a31c3e9eceddcf3158a74e1d4d6fcc67c"
            ],
            "index": "pypi",
            "version": "==1.2.2"
        },
        "distributed": {
            "hashes": [
                "sha256:3bd83f8b7eb5938af5f2be91ccff8984630713f36f8f66097e531a63f141c48a",
                "sha256:b284480bdce04e9fde6f51848c02ee0c043b71b20f089d0faf42b3d44f8c39e6"
            ],
            "version": "==1.28.1"
        },
        "docutils": {
            "hashes": [
                "sha256:02aec4bd92ab067f6ff27a38a38a41173bf01bed8f89157768c1573f53e474a6",
                "sha256:51e64ef2ebfb29cae1faa133b3710143496eca21c530f3f71424d77687764274",
                "sha256:7a4bd47eaf6596e1295ecb11361139febe29b084a87bf005bf899f9a42edc3c6"
            ],
            "version": "==0.14"
        },
        "entrypoints": {
            "hashes": [
                "sha256:589f874b313739ad35be6e0cd7efde2a4e9b6fea91edcc34e58ecbb8dbe56d19",
                "sha256:c70dd71abe5a8c85e55e12c19bd91ccfeec11a6e99044204511f9ed547d48451"
            ],
            "version": "==0.3"
        },
        "findspark": {
            "hashes": [
                "sha256:49d56b847138fc470415d615128c3504cb0faa09dd2fc79a9e0d84e3c0320d70",
                "sha256:ea9df8f8c24c2b070823b83637c8c69c725c523f061464b2e0aae87b8d505179"
            ],
            "index": "pypi",
            "version": "==1.3.0"
        },
        "flake8": {
            "hashes": [
                "sha256:859996073f341f2670741b51ec1e67a01da142831aa1fdc6242dbf88dffbe661",
                "sha256:a796a115208f5c03b18f332f7c11729812c8c3ded6c46319c59b53efd3819da8"
            ],
            "index": "pypi",
            "version": "==3.7.7"
        },
        "future": {
            "hashes": [
                "sha256:67045236dcfd6816dc439556d009594abf643e5eb48992e36beac09c2ca659b8"
            ],
            "version": "==0.17.1"
        },
        "heapdict": {
            "hashes": [
                "sha256:40c9e3680616cfdf942f77429a3a9e0a76f31ce965d62f4ffbe63a83a5ef1b5a"
            ],
            "version": "==1.0.0"
        },
        "idna": {
            "hashes": [
                "sha256:c357b3f628cf53ae2c4c05627ecc484553142ca23264e593d327bcde5e9c3407",
                "sha256:ea8b7f6188e6fa117537c3df7da9fc686d485087abf6ac197f9c46432f7e4a3c"
            ],
            "version": "==2.8"
        },
        "locket": {
            "hashes": [
                "sha256:1fee63c1153db602b50154684f5725564e63a0f6d09366a1cb13dffcec179fb4"
            ],
            "version": "==0.2.0"
        },
        "lockfile": {
            "hashes": [
                "sha256:6aed02de03cba24efabcd600b30540140634fc06cfa603822d508d5361e9f799",
                "sha256:6c3cb24f344923d30b2785d5ad75182c8ea7ac1b6171b08657258ec7429d50fa"
            ],
            "version": "==0.12.2"
        },
        "macholib": {
            "hashes": [
                "sha256:ac02d29898cf66f27510d8f39e9112ae00590adb4a48ec57b25028d6962b1ae1",
                "sha256:c4180ffc6f909bf8db6cd81cff4b6f601d575568f4d5dee148c830e9851eb9db"
            ],
            "version": "==1.11"
        },
        "mccabe": {
            "hashes": [
                "sha256:ab8a6258860da4b6677da4bd2fe5dc2c659cff31b3ee4f7f5d64e79735b80d42",
                "sha256:dd8d182285a0fe56bace7f45b5e7d1a6ebcbf524e8f3bd87eb0f125271b8831f"
            ],
            "version": "==0.6.1"
        },
        "msgpack": {
            "hashes": [
                "sha256:26cb40116111c232bc235ce131cc3b4e76549088cb154e66a2eb8ff6fcc907ec",
                "sha256:300fd3f2c664a3bf473d6a952f843b4a71454f4c592ed7e74a36b205c1782d28",
                "sha256:3129c355342853007de4a2a86e75eab966119733eb15748819b6554363d4e85c",
                "sha256:31f6d645ee5a97d59d3263fab9e6be76f69fa131cddc0d94091a3c8aca30d67a",
                "sha256:3ce7ef7ee2546c3903ca8c934d09250531b80c6127e6478781ae31ed835aac4c",
                "sha256:4008c72f5ef2b7936447dcb83db41d97e9791c83221be13d5e19db0796df1972",
                "sha256:62bd8e43d204580308d477a157b78d3fee2fb4c15d32578108dc5d89866036c8",
                "sha256:70cebfe08fb32f83051971264466eadf183101e335d8107b80002e632f425511",
                "sha256:72cb7cf85e9df5251abd7b61a1af1fb77add15f40fa7328e924a9c0b6bc7a533",
                "sha256:7c55649965c35eb32c499d17dadfb8f53358b961582846e1bc06f66b9bccc556",
                "sha256:86b963a5de11336ec26bc4f839327673c9796b398b9f1fe6bb6150c2a5d00f0f",
                "sha256:8c73c9bcdfb526247c5e4f4f6cf581b9bb86b388df82cfcaffde0a6e7bf3b43a",
                "sha256:8e68c76c6aff4849089962d25346d6784d38e02baa23ffa513cf46be72e3a540",
                "sha256:97ac6b867a8f63debc64f44efdc695109d541ecc361ee2dce2c8884ab37360a1",
                "sha256:9d4f546af72aa001241d74a79caec278bcc007b4bcde4099994732e98012c858",
                "sha256:a28e69fe5468c9f5251c7e4e7232286d71b7dfadc74f312006ebe984433e9746",
                "sha256:fd509d4aa95404ce8d86b4e32ce66d5d706fd6646c205e1c2a715d87078683a2"
            ],
            "version": "==0.6.1"
        },
        "multidict": {
            "hashes": [
                "sha256:024b8129695a952ebd93373e45b5d341dbb87c17ce49637b34000093f243dd4f",
                "sha256:041e9442b11409be5e4fc8b6a97e4bcead758ab1e11768d1e69160bdde18acc3",
                "sha256:045b4dd0e5f6121e6f314d81759abd2c257db4634260abcfe0d3f7083c4908ef",
                "sha256:047c0a04e382ef8bd74b0de01407e8d8632d7d1b4db6f2561106af812a68741b",
                "sha256:068167c2d7bbeebd359665ac4fff756be5ffac9cda02375b5c5a7c4777038e73",
                "sha256:148ff60e0fffa2f5fad2eb25aae7bef23d8f3b8bdaf947a65cdbe84a978092bc",
                "sha256:1d1c77013a259971a72ddaa83b9f42c80a93ff12df6a4723be99d858fa30bee3",
                "sha256:1d48bc124a6b7a55006d97917f695effa9725d05abe8ee78fd60d6588b8344cd",
                "sha256:31dfa2fc323097f8ad7acd41aa38d7c614dd1960ac6681745b6da124093dc351",
                "sha256:34f82db7f80c49f38b032c5abb605c458bac997a6c3142e0d6c130be6fb2b941",
                "sha256:3d5dd8e5998fb4ace04789d1d008e2bb532de501218519d70bb672c4c5a2fc5d",
                "sha256:4a6ae52bd3ee41ee0f3acf4c60ceb3f44e0e3bc52ab7da1c2b2aa6703363a3d1",
                "sha256:4b02a3b2a2f01d0490dd39321c74273fed0568568ea0e7ea23e02bd1fb10a10b",
                "sha256:4b843f8e1dd6a3195679d9838eb4670222e8b8d01bc36c9894d6c3538316fa0a",
                "sha256:5de53a28f40ef3c4fd57aeab6b590c2c663de87a5af76136ced519923d3efbb3",
                "sha256:61b2b33ede821b94fa99ce0b09c9ece049c7067a33b279f343adfe35108a4ea7",
                "sha256:6a3a9b0f45fd75dc05d8e93dc21b18fc1670135ec9544d1ad4acbcf6b86781d0",
                "sha256:76ad8e4c69dadbb31bad17c16baee61c0d1a4a73bed2590b741b2e1a46d3edd0",
                "sha256:7ba19b777dc00194d1b473180d4ca89a054dd18de27d0ee2e42a103ec9b7d014",
                "sha256:7c1b7eab7a49aa96f3db1f716f0113a8a2e93c7375dd3d5d21c4941f1405c9c5",
                "sha256:7fc0eee3046041387cbace9314926aa48b681202f8897f8bff3809967a049036",
                "sha256:8ccd1c5fff1aa1427100ce188557fc31f1e0a383ad8ec42c559aabd4ff08802d",
                "sha256:8e08dd76de80539d613654915a2f5196dbccc67448df291e69a88712ea21e24a",
                "sha256:c18498c50c59263841862ea0501da9f2b3659c00db54abfbf823a80787fde8ce",
                "sha256:c49db89d602c24928e68c0d510f4fcf8989d77defd01c973d6cbe27e684833b1",
                "sha256:ce20044d0317649ddbb4e54dab3c1bcc7483c78c27d3f58ab3d0c7e6bc60d26a",
                "sha256:d1071414dd06ca2eafa90c85a079169bfeb0e5f57fd0b45d44c092546fcd6fd9",
                "sha256:d3be11ac43ab1a3e979dac80843b42226d5d3cccd3986f2e03152720a4297cd7",
                "sha256:db603a1c235d110c860d5f39988ebc8218ee028f07a7cbc056ba6424372ca31b"
            ],
            "version": "==4.5.2"
        },
        "numpy": {
            "hashes": [
                "sha256:0e2eed77804b2a6a88741f8fcac02c5499bba3953ec9c71e8b217fad4912c56c",
                "sha256:1c666f04553ef70fda54adf097dbae7080645435fc273e2397f26bbf1d127bbb",
                "sha256:1f46532afa7b2903bfb1b79becca2954c0a04389d19e03dc73f06b039048ac40",
                "sha256:315fa1b1dfc16ae0f03f8fd1c55f23fd15368710f641d570236f3d78af55e340",
                "sha256:3d5fcea4f5ed40c3280791d54da3ad2ecf896f4c87c877b113576b8280c59441",
                "sha256:48241759b99d60aba63b0e590332c600fc4b46ad597c9b0a53f350b871ef0634",
                "sha256:4b4f2924b36d857cf302aec369caac61e43500c17eeef0d7baacad1084c0ee84",
                "sha256:54fe3b7ed9e7eb928bbc4318f954d133851865f062fa4bbb02ef8940bc67b5d2",
                "sha256:5a8f021c70e6206c317974c93eaaf9bc2b56295b6b1cacccf88846e44a1f33fc",
                "sha256:754a6be26d938e6ca91942804eb209307b73f806a1721176278a6038869a1686",
                "sha256:771147e654e8b95eea1293174a94f34e2e77d5729ad44aefb62fbf8a79747a15",
                "sha256:78a6f89da87eeb48014ec652a65c4ffde370c036d780a995edaeb121d3625621",
                "sha256:7fde5c2a3a682a9e101e61d97696687ebdba47637611378b4127fe7e47fdf2bf",
                "sha256:80d99399c97f646e873dd8ce87c38cfdbb668956bbc39bc1e6cac4b515bba2a0",
                "sha256:88a72c1e45a0ae24d1f249a529d9f71fe82e6fa6a3fd61414b829396ec585900",
                "sha256:a4f4460877a16ac73302a9c077ca545498d9fe64e6a81398d8e1a67e4695e3df",
                "sha256:a61255a765b3ac73ee4b110b28fccfbf758c985677f526c2b4b39c48cc4b509d",
                "sha256:ab4896a8c910b9a04c0142871d8800c76c8a2e5ff44763513e1dd9d9631ce897",
                "sha256:abbd6b1c2ef6199f4b7ca9f818eb6b31f17b73a6110aadc4e4298c3f00fab24e",
                "sha256:b16d88da290334e33ea992c56492326ea3b06233a00a1855414360b77ca72f26",
                "sha256:b78a1defedb0e8f6ae1eb55fa6ac74ab42acc4569c3a2eacc2a407ee5d42ebcb",
                "sha256:cfef82c43b8b29ca436560d51b2251d5117818a8d1fb74a8384a83c096745dad",
                "sha256:d160e57731fcdec2beda807ebcabf39823c47e9409485b5a3a1db3a8c6ce763e"
            ],
            "version": "==1.16.3"
        },
        "pandas": {
            "hashes": [
                "sha256:071e42b89b57baa17031af8c6b6bbd2e9a5c68c595bc6bf9adabd7a9ed125d3b",
                "sha256:17450e25ae69e2e6b303817bdf26b2cd57f69595d8550a77c308be0cd0fd58fa",
                "sha256:17916d818592c9ec891cbef2e90f98cc85e0f1e89ed0924c9b5220dc3209c846",
                "sha256:2538f099ab0e9f9c9d09bbcd94b47fd889bad06dc7ae96b1ed583f1dc1a7a822",
                "sha256:366f30710172cb45a6b4f43b66c220653b1ea50303fbbd94e50571637ffb9167",
                "sha256:42e5ad741a0d09232efbc7fc648226ed93306551772fc8aecc6dce9f0e676794",
                "sha256:4e718e7f395ba5bfe8b6f6aaf2ff1c65a09bb77a36af6394621434e7cc813204",
                "sha256:4f919f409c433577a501e023943e582c57355d50a724c589e78bc1d551a535a2",
                "sha256:4fe0d7e6438212e839fc5010c78b822664f1a824c0d263fd858f44131d9166e2",
                "sha256:5149a6db3e74f23dc3f5a216c2c9ae2e12920aa2d4a5b77e44e5b804a5f93248",
                "sha256:627594338d6dd995cfc0bacd8e654cd9e1252d2a7c959449228df6740d737eb8",
                "sha256:83c702615052f2a0a7fb1dd289726e29ec87a27272d775cb77affe749cca28f8",
                "sha256:8c872f7fdf3018b7891e1e3e86c55b190e6c5cee70cab771e8f246c855001296",
                "sha256:90f116086063934afd51e61a802a943826d2aac572b2f7d55caaac51c13db5b5",
                "sha256:a3352bacac12e1fc646213b998bce586f965c9d431773d9e91db27c7c48a1f7d",
                "sha256:bcdd06007cca02d51350f96debe51331dec429ac8f93930a43eb8fb5639e3eb5",
                "sha256:c1bd07ebc15285535f61ddd8c0c75d0d6293e80e1ee6d9a8d73f3f36954342d0",
                "sha256:c9a4b7c55115eb278c19aa14b34fcf5920c8fe7797a09b7b053ddd6195ea89b3",
                "sha256:cc8fc0c7a8d5951dc738f1c1447f71c43734244453616f32b8aa0ef6013a5dfb",
                "sha256:d7b460bc316064540ce0c41c1438c416a40746fd8a4fb2999668bf18f3c4acf1"
            ],
            "index": "pypi",
            "version": "==0.24.2"
        },
        "partd": {
            "hashes": [
                "sha256:33722a228ebcd1fa6f44b1631bdd4cff056376f89eb826d7d880b35b637bcfba",
                "sha256:826e8034dc1503005f86b67c8542bc8c71cc35b33741b413e82d25a09cc26ad9"
            ],
            "version": "==0.3.10"
        },
        "pefile": {
            "hashes": [
                "sha256:a5d6e8305c6b210849b47a6174ddf9c452b2888340b8177874b862ba6c207645"
            ],
            "version": "==2019.4.18"
        },
        "prompt-toolkit": {
            "hashes": [
                "sha256:11adf3389a996a6d45cc277580d0d53e8a5afd281d0c9ec71b28e6f121463780",
                "sha256:2519ad1d8038fd5fc8e770362237ad0364d16a7650fb5724af6997ed5515e3c1",
                "sha256:977c6583ae813a37dc1c2e1b715892461fcbdaa57f6fc62f33a528c4886c8f55"
            ],
            "index": "pypi",
            "version": "==2.0.9"
        },
        "psutil": {
            "hashes": [
                "sha256:206eb909aa8878101d0eca07f4b31889c748f34ed6820a12eb3168c7aa17478e",
                "sha256:649f7ffc02114dced8fbd08afcd021af75f5f5b2311bc0e69e53e8f100fe296f",
                "sha256:6ebf2b9c996bb8c7198b385bade468ac8068ad8b78c54a58ff288cd5f61992c7",
                "sha256:753c5988edc07da00dafd6d3d279d41f98c62cd4d3a548c4d05741a023b0c2e7",
                "sha256:76fb0956d6d50e68e3f22e7cc983acf4e243dc0fcc32fd693d398cb21c928802",
                "sha256:828e1c3ca6756c54ac00f1427fdac8b12e21b8a068c3bb9b631a1734cada25ed",
                "sha256:a4c62319ec6bf2b3570487dd72d471307ae5495ce3802c1be81b8a22e438b4bc",
                "sha256:acba1df9da3983ec3c9c963adaaf530fcb4be0cd400a8294f1ecc2db56499ddd",
                "sha256:ef342cb7d9b60e6100364f50c57fa3a77d02ff8665d5b956746ac01901247ac4"
            ],
            "version": "==5.6.2"
        },
        "pyarrow": {
            "hashes": [
                "sha256:0b37c6a4e12a0236668c73c46e8ac3537e904610bb298c8b29dc913c054f0ec6",
                "sha256:1bf34856831af53e2eb5178fb04301ff000bbb8fe0a7e7a7723abf7fe355eeef",
                "sha256:2618a14ce46f48320ad9f11c895ad75eec3245d2e5319f8c1b8e34ce0eb046a1",
                "sha256:51ffb60dd432a46cb579c200f0df1884893f6e724f1b5980464c469f04b571bd",
                "sha256:6a8b85705c9dc520fc274aaa7fc2279a331f3d251571d33c5c465f9953e9cbdb",
                "sha256:9d76a573c32bbef2bae88f192acce3e4e403afdc40fea996f44eda1d1195c030",
                "sha256:bc0d0138f486d2629b8c427105e15a35d91cbd839b4037645beebd23a37ca12a",
                "sha256:c326c247299cc6f5f7134b41c3a5ed8c5310869a87223acd0fba344290db6a8f",
                "sha256:c4401058073bb11f7bf4b9ff067f11525e9f95d7c2b203197620e2b0912bc406",
                "sha256:c60450150103bca3cb6aa8b02c569efa30ef3e944ea309695fe21f056cd4d6aa",
                "sha256:e4bcd514f7254acb0dd599fc17908a8e0aadc627b8627bbf5b5ef56d99758d6a",
                "sha256:f7a8f1bd888ca120bc4ae4630570cc6ac9af3e6647b4512c65beafc6d4d3b00a",
                "sha256:fc7b2c189bd00d9beaaff22ff52cb1c7e3261bd1d9cc9a0b34493863c78245a2"
            ],
            "index": "pypi",
            "version": "==0.13.0"
        },
        "pycodestyle": {
            "hashes": [
                "sha256:95a2219d12372f05704562a14ec30bc76b05a5b297b21a5dfe3f6fac3491ae56",
                "sha256:e40a936c9a450ad81df37f549d676d127b1b66000a6c500caa2b085bc0ca976c"
            ],
            "version": "==2.5.0"
        },
        "pycparser": {
            "hashes": [
                "sha256:a988718abfad80b6b157acce7bf130a30876d27603738ac39f140993246b25b3"
            ],
            "version": "==2.19"
        },
        "pyflakes": {
            "hashes": [
                "sha256:17dbeb2e3f4d772725c777fabc446d5634d1038f234e77343108ce445ea69ce0",
                "sha256:d976835886f8c5b31d47970ed689944a0262b5f3afa00a5a7b4dc81e5449f8a2"
            ],
            "version": "==2.1.1"
        },
        "pygments": {
            "hashes": [
                "sha256:31cba6ffb739f099a85e243eff8cb717089fdd3c7300767d9fc34cb8e1b065f5",
                "sha256:5ad302949b3c98dd73f8d9fcdc7e9cb592f120e32a18e23efd7f3dc51194472b"
            ],
            "version": "==2.4.0"
        },
        "pyinstaller": {
            "hashes": [
                "sha256:a5a6e04a66abfcf8761e89a2ebad937919c6be33a7b8963e1a961b55cb35986b"
            ],
            "index": "pypi",
            "version": "==3.4"
        },
        "python-daemon": {
            "hashes": [
                "sha256:1d9a541f74822ac87045163ebd5473f9a7b22ab4031ed28293aba81fdaf6c156",
                "sha256:affeca9e5adfce2666a63890af9d6aff79f670f7511899edaddca7f96593cc25"
            ],
            "index": "pypi",
            "version": "==2.2.3"
        },
        "python-dateutil": {
            "hashes": [
                "sha256:7e6584c74aeed623791615e26efd690f29817a27c73085b78e4bad02493df2fb",
                "sha256:c89805f6f4d64db21ed966fda138f8a5ed7a4fdbc1a8ee329ce1b74e3c74da9e"
            ],
            "version": "==2.8.0"
        },
        "python-fire": {
            "hashes": [
                "sha256:21c1c1de2106844091f0b7485ed5aa94cc943a83b5218b913a19822395da4bc0",
                "sha256:ed3cb202288c6e742a077611fb884b154068758f9ec65eb827520d670bdbada9"
            ],
            "index": "pypi",
            "version": "==0.1.0"
        },
        "pytz": {
            "hashes": [
                "sha256:303879e36b721603cc54604edcac9d20401bdbe31e1e4fdee5b9f98d5d31dfda",
                "sha256:d747dd3d23d77ef44c6a3526e274af6efeb0a6f1afd5a69ba4d5be4098c8e141"
            ],
            "version": "==2019.1"
        },
        "pyyaml": {
            "hashes": [
                "sha256:1adecc22f88d38052fb787d959f003811ca858b799590a5eaa70e63dca50308c",
                "sha256:436bc774ecf7c103814098159fbb84c2715d25980175292c648f2da143909f95",
                "sha256:460a5a4248763f6f37ea225d19d5c205677d8d525f6a83357ca622ed541830c2",
                "sha256:5a22a9c84653debfbf198d02fe592c176ea548cccce47553f35f466e15cf2fd4",
                "sha256:7a5d3f26b89d688db27822343dfa25c599627bc92093e788956372285c6298ad",
                "sha256:9372b04a02080752d9e6f990179a4ab840227c6e2ce15b95e1278456664cf2ba",
                "sha256:a5dcbebee834eaddf3fa7366316b880ff4062e4bcc9787b78c7fbb4a26ff2dd1",
                "sha256:aee5bab92a176e7cd034e57f46e9df9a9862a71f8f37cad167c6fc74c65f5b4e",
                "sha256:c51f642898c0bacd335fc119da60baae0824f2cde95b0330b56c0553439f0673",
                "sha256:c68ea4d3ba1705da1e0d85da6684ac657912679a649e8868bd850d2c299cce13",
                "sha256:e23d0cc5299223dcc37885dae624f382297717e459ea24053709675a976a3e19"
            ],
            "index": "pypi",
            "version": "==5.1"
        },
        "requests": {
            "hashes": [
                "sha256:502a824f31acdacb3a35b6690b5fbf0bc41d63a24a45c4004352b0242707598e",
                "sha256:7bf2a778576d825600030a110f3c0e3e8edc51dfaafe1c146e39a2027784957b"
            ],
            "index": "pypi",
            "version": "==2.21.0"
        },
        "six": {
            "hashes": [
                "sha256:3350809f0555b11f552448330d0b52d5f24c91a322ea4a15ef22629740f3761c",
                "sha256:d16a0141ec1a18405cd4ce8b4613101da75da0e9a7aec5bdd4fa804d0e0eba73"
            ],
            "version": "==1.12.0"
        },
        "sortedcontainers": {
            "hashes": [
                "sha256:974e9a32f56b17c1bac2aebd9dcf197f3eb9cd30553c5852a3187ad162e1a03a",
                "sha256:d9e96492dd51fae31e60837736b38fe42a187b5404c16606ff7ee7cd582d4c60"
            ],
            "version": "==2.1.0"
        },
        "tblib": {
            "hashes": [
                "sha256:49188d1ed69938811e654a8f6e6a3cfca8a578d8fa95318d8a9861c7f4fccd19",
                "sha256:bd1ad564564a158ff62c290687f3db446038f9ac11a0bf6892712e3601af3bcd"
            ],
            "version": "==1.4.0"
        },
        "textfsm": {
            "hashes": [
                "sha256:21a31e212d625d84a8c7a52f35055d536bd3a1c63d3d41ed65ee5d8bd5f29f00"
            ],
            "index": "pypi",
            "version": "==0.4.1"
        },
        "toolz": {
            "hashes": [
                "sha256:929f0a7ea7f61c178bd951bdae93920515d3fbdbafc8e6caf82d752b9b3b31c9"
            ],
            "version": "==0.9.0"
        },
        "tornado": {
            "hashes": [
                "sha256:1174dcb84d08887b55defb2cda1986faeeea715fff189ef3dc44cce99f5fca6b",
                "sha256:2613fab506bd2aedb3722c8c64c17f8f74f4070afed6eea17f20b2115e445aec",
                "sha256:44b82bc1146a24e5b9853d04c142576b4e8fa7a92f2e30bc364a85d1f75c4de2",
                "sha256:457fcbee4df737d2defc181b9073758d73f54a6cfc1f280533ff48831b39f4a8",
                "sha256:49603e1a6e24104961497ad0c07c799aec1caac7400a6762b687e74c8206677d",
                "sha256:8c2f40b99a8153893793559919a355d7b74649a11e59f411b0b0a1793e160bc0",
                "sha256:e1d897889c3b5a829426b7d52828fb37b28bc181cd598624e65c8be40ee3f7fa"
            ],
            "version": "==6.0.2"
        },
        "typing": {
            "hashes": [
                "sha256:4027c5f6127a6267a435201981ba156de91ad0d1d98e9ddc2aa173453453492d",
                "sha256:57dcf675a99b74d64dacf6fba08fb17cf7e3d5fdff53d4a30ea2a5e7e52543d4",
                "sha256:a4c8473ce11a65999c8f59cb093e70686b6c84c98df58c1dae9b3b196089858a"
            ],
            "index": "pypi",
            "version": "==3.6.6"
        },
        "urllib3": {
            "hashes": [
                "sha256:2393a695cd12afedd0dcb26fe5d50d0cf248e5a66f75dbd89a3d4eb333a61af4",
                "sha256:a637e5fae88995b256e3409dc4d52c2e2e0ba32c42a6365fee8bbd2238de3cfb"
            ],
            "version": "==1.24.3"
        },
        "uvloop": {
            "hashes": [
                "sha256:3674b1b2a3c91df385a335e41e31048a466574883b6a0a3ac1496509e8a0acd8",
                "sha256:52a227559e2284982e5f10b62f0498a191924ab53e27fdba6b243459b43ffae5",
                "sha256:6104f8078c3a68163d3cfc8fadc7881b2e58a9c3a45e09b9487b45bd8678510c",
                "sha256:681d2ab0c266498e7fc36df3e07001602cd4526ca2158c7a4532cf9eddaef583",
                "sha256:8108769060e20760503be305c805ab435aa404822475f64b064d1e1df9061e74",
                "sha256:99904cc445d510295094be6dbb8d1cbad6bc729f58643bf568fd617214afd504",
                "sha256:ec4ecf0d2803dc3fa58d3efc05de5d50ab9a39b5203d9bca4f059ec3be22de87"
            ],
            "index": "pypi",
            "version": "==0.13.0rc1"
        },
        "wcwidth": {
            "hashes": [
                "sha256:3df37372226d6e63e1b1e1eda15c594bca98a22d33a23832a90998faa96bc65e",
                "sha256:f4ebe71925af7b40a864553f761ed559b43544f8f71746c2d756c7fe788ade7c"
            ],
            "version": "==0.1.7"
        },
        "yarl": {
            "hashes": [
                "sha256:024ecdc12bc02b321bc66b41327f930d1c2c543fa9a561b39861da9388ba7aa9",
                "sha256:2f3010703295fbe1aec51023740871e64bb9664c789cba5a6bdf404e93f7568f",
                "sha256:3890ab952d508523ef4881457c4099056546593fa05e93da84c7250516e632eb",
                "sha256:3e2724eb9af5dc41648e5bb304fcf4891adc33258c6e14e2a7414ea32541e320",
                "sha256:5badb97dd0abf26623a9982cd448ff12cb39b8e4c94032ccdedf22ce01a64842",
                "sha256:73f447d11b530d860ca1e6b582f947688286ad16ca42256413083d13f260b7a0",
                "sha256:7ab825726f2940c16d92aaec7d204cfc34ac26c0040da727cf8ba87255a33829",
                "sha256:b25de84a8c20540531526dfbb0e2d2b648c13fd5dd126728c496d7c3fea33310",
                "sha256:c6e341f5a6562af74ba55205dbd56d248daf1b5748ec48a0200ba227bb9e33f4",
                "sha256:c9bb7c249c4432cd47e75af3864bc02d26c9594f49c82e2a28624417f0ae63b8",
                "sha256:e060906c0c585565c718d1c3841747b61c5439af2211e185f6739a9412dfbde1"
            ],
            "version": "==1.3.0"
        },
        "zict": {
            "hashes": [
                "sha256:a7838b2f21bc06b7e3db5c64ffa6642255a5f7c01841660b3388a9840e101f99",
                "sha256:d57434102b247719aeda1f543cb55d0ae7ab44f1e1a1f286e299164d1d40da58"
            ],
            "version": "==0.1.4"
        }
    },
    "develop": {
        "astroid": {
            "hashes": [
                "sha256:6560e1e1749f68c64a4b5dee4e091fce798d2f0d84ebe638cf0e0585a343acf4",
                "sha256:b65db1bbaac9f9f4d190199bb8680af6f6f84fd3769a5ea883df8a91fe68b4c4"
            ],
            "version": "==2.2.5"
        },
        "autopep8": {
            "hashes": [
                "sha256:4d8eec30cc81bc5617dbf1218201d770dc35629363547f17577c61683ccfb3ee"
            ],
            "index": "pypi",
            "version": "==1.4.4"
        },
        "isort": {
            "hashes": [
                "sha256:c40744b6bc5162bbb39c1257fe298b7a393861d50978b565f3ccd9cb9de0182a",
                "sha256:f57abacd059dc3bd666258d1efb0377510a89777fda3e3274e3c01f7c03ae22d"
            ],
            "version": "==4.3.20"
        },
        "lazy-object-proxy": {
            "hashes": [
                "sha256:159a745e61422217881c4de71f9eafd9d703b93af95618635849fe469a283661",
                "sha256:23f63c0821cc96a23332e45dfaa83266feff8adc72b9bcaef86c202af765244f",
                "sha256:3b11be575475db2e8a6e11215f5aa95b9ec14de658628776e10d96fa0b4dac13",
                "sha256:3f447aff8bc61ca8b42b73304f6a44fa0d915487de144652816f950a3f1ab821",
                "sha256:4ba73f6089cd9b9478bc0a4fa807b47dbdb8fad1d8f31a0f0a5dbf26a4527a71",
                "sha256:4f53eadd9932055eac465bd3ca1bd610e4d7141e1278012bd1f28646aebc1d0e",
                "sha256:64483bd7154580158ea90de5b8e5e6fc29a16a9b4db24f10193f0c1ae3f9d1ea",
                "sha256:6f72d42b0d04bfee2397aa1862262654b56922c20a9bb66bb76b6f0e5e4f9229",
                "sha256:7c7f1ec07b227bdc561299fa2328e85000f90179a2f44ea30579d38e037cb3d4",
                "sha256:7c8b1ba1e15c10b13cad4171cfa77f5bb5ec2580abc5a353907780805ebe158e",
                "sha256:8559b94b823f85342e10d3d9ca4ba5478168e1ac5658a8a2f18c991ba9c52c20",
                "sha256:a262c7dfb046f00e12a2bdd1bafaed2408114a89ac414b0af8755c696eb3fc16",
                "sha256:acce4e3267610c4fdb6632b3886fe3f2f7dd641158a843cf6b6a68e4ce81477b",
                "sha256:be089bb6b83fac7f29d357b2dc4cf2b8eb8d98fe9d9ff89f9ea6012970a853c7",
                "sha256:bfab710d859c779f273cc48fb86af38d6e9210f38287df0069a63e40b45a2f5c",
                "sha256:c10d29019927301d524a22ced72706380de7cfc50f767217485a912b4c8bd82a",
                "sha256:dd6e2b598849b3d7aee2295ac765a578879830fb8966f70be8cd472e6069932e",
                "sha256:e408f1eacc0a68fed0c08da45f31d0ebb38079f043328dce69ff133b95c29dc1"
            ],
            "version": "==1.4.1"
        },
        "mccabe": {
            "hashes": [
                "sha256:ab8a6258860da4b6677da4bd2fe5dc2c659cff31b3ee4f7f5d64e79735b80d42",
                "sha256:dd8d182285a0fe56bace7f45b5e7d1a6ebcbf524e8f3bd87eb0f125271b8831f"
            ],
            "version": "==0.6.1"
        },
        "pycodestyle": {
            "hashes": [
                "sha256:95a2219d12372f05704562a14ec30bc76b05a5b297b21a5dfe3f6fac3491ae56",
                "sha256:e40a936c9a450ad81df37f549d676d127b1b66000a6c500caa2b085bc0ca976c"
            ],
            "version": "==2.5.0"
        },
        "pylint": {
            "hashes": [
                "sha256:5d77031694a5fb97ea95e828c8d10fc770a1df6eb3906067aaed42201a8a6a09",
                "sha256:723e3db49555abaf9bf79dc474c6b9e2935ad82230b10c1138a71ea41ac0fff1"
            ],
            "index": "pypi",
            "version": "==2.3.1"
        },
        "rope": {
            "hashes": [
                "sha256:6b728fdc3e98a83446c27a91fc5d56808a004f8beab7a31ab1d7224cecc7d969",
                "sha256:c5c5a6a87f7b1a2095fb311135e2a3d1f194f5ecb96900fdd0a9100881f48aaf",
                "sha256:f0dcf719b63200d492b85535ebe5ea9b29e0d0b8aebeb87fe03fc1a65924fdaf"
            ],
            "index": "pypi",
            "version": "==0.14.0"
        },
        "six": {
            "hashes": [
                "sha256:3350809f0555b11f552448330d0b52d5f24c91a322ea4a15ef22629740f3761c",
                "sha256:d16a0141ec1a18405cd4ce8b4613101da75da0e9a7aec5bdd4fa804d0e0eba73"
            ],
            "version": "==1.12.0"
        },
        "typed-ast": {
            "hashes": [
                "sha256:132eae51d6ef3ff4a8c47c393a4ef5ebf0d1aecc96880eb5d6c8ceab7017cc9b",
                "sha256:18141c1484ab8784006c839be8b985cfc82a2e9725837b0ecfa0203f71c4e39d",
                "sha256:2baf617f5bbbfe73fd8846463f5aeafc912b5ee247f410700245d68525ec584a",
                "sha256:3d90063f2cbbe39177e9b4d888e45777012652d6110156845b828908c51ae462",
                "sha256:4304b2218b842d610aa1a1d87e1dc9559597969acc62ce717ee4dfeaa44d7eee",
                "sha256:4983ede548ffc3541bae49a82675996497348e55bafd1554dc4e4a5d6eda541a",
                "sha256:5315f4509c1476718a4825f45a203b82d7fdf2a6f5f0c8f166435975b1c9f7d4",
                "sha256:6cdfb1b49d5345f7c2b90d638822d16ba62dc82f7616e9b4caa10b72f3f16649",
                "sha256:7b325f12635598c604690efd7a0197d0b94b7d7778498e76e0710cd582fd1c7a",
                "sha256:8d3b0e3b8626615826f9a626548057c5275a9733512b137984a68ba1598d3d2f",
                "sha256:8f8631160c79f53081bd23446525db0bc4c5616f78d04021e6e434b286493fd7",
                "sha256:912de10965f3dc89da23936f1cc4ed60764f712e5fa603a09dd904f88c996760",
                "sha256:b010c07b975fe853c65d7bbe9d4ac62f1c69086750a574f6292597763781ba18",
                "sha256:c908c10505904c48081a5415a1e295d8403e353e0c14c42b6d67f8f97fae6616",
                "sha256:c94dd3807c0c0610f7c76f078119f4ea48235a953512752b9175f9f98f5ae2bd",
                "sha256:ce65dee7594a84c466e79d7fb7d3303e7295d16a83c22c7c4037071b059e2c21",
                "sha256:eaa9cfcb221a8a4c2889be6f93da141ac777eb8819f077e1d09fb12d00a09a93",
                "sha256:f3376bc31bad66d46d44b4e6522c5c21976bf9bca4ef5987bb2bf727f4506cbb",
                "sha256:f9202fa138544e13a4ec1a6792c35834250a85958fde1251b6a22e07d1260ae7"
            ],
            "markers": "implementation_name == 'cpython'",
            "version": "==1.3.5"
        },
        "wrapt": {
            "hashes": [
                "sha256:4aea003270831cceb8a90ff27c4031da6ead7ec1886023b80ce0dfe0adf61533"
            ],
            "version": "==1.11.1"
        }
    }
}
