{
    "_meta": {
        "hash": {
            "sha256": "dc420efbbdf1fbf1618902982aae9d80f8c7446c1243ab7eb9b58fcf4f247498"
        },
        "pipfile-spec": 6,
        "requires": {
            "python_version": "3.6"
        },
        "sources": [
            {
                "name": "pypi",
                "url": "https://pypi.org/simple",
                "verify_ssl": true
            }
        ]
    },
    "default": {
        "aiohttp": {
            "hashes": [
                "sha256:0419705a36b43c0ac6f15469f9c2a08cad5c939d78bd12a5c23ea167c8253b2b",
                "sha256:1812fc4bc6ac1bde007daa05d2d0f61199324e0cc893b11523e646595047ca08",
                "sha256:2214b5c0153f45256d5d52d1e0cafe53f9905ed035a142191727a5fb620c03dd",
                "sha256:275909137f0c92c61ba6bb1af856a522d5546f1de8ea01e4e726321c697754ac",
                "sha256:3983611922b561868428ea1e7269e757803713f55b53502423decc509fef1650",
                "sha256:51afec6ffa50a9da4cdef188971a802beb1ca8e8edb40fa429e5e529db3475fa",
                "sha256:589f2ec8a101a0f340453ee6945bdfea8e1cd84c8d88e5be08716c34c0799d95",
                "sha256:789820ddc65e1f5e71516adaca2e9022498fa5a837c79ba9c692a9f8f916c330",
                "sha256:7a968a0bdaaf9abacc260911775611c9a602214a23aeb846f2eb2eeaa350c4dc",
                "sha256:7aeefbed253f59ea39e70c5848de42ed85cb941165357fc7e87ab5d8f1f9592b",
                "sha256:7b2eb55c66512405103485bd7d285a839d53e7fdc261ab20e5bcc51d7aaff5de",
                "sha256:87bc95d3d333bb689c8d755b4a9d7095a2356108002149523dfc8e607d5d32a4",
                "sha256:9d80e40db208e29168d3723d1440ecbb06054d349c5ece6a2c5a611490830dd7",
                "sha256:a1b442195c2a77d33e4dbee67c9877ccbdd3a1f686f91eb479a9577ed8cc326b",
                "sha256:ab3d769413b322d6092f169f316f7b21cd261a7589f7e31db779d5731b0480d8",
                "sha256:b066d3dec5d0f5aee6e34e5765095dc3d6d78ef9839640141a2b20816a0642bd",
                "sha256:b24e7845ae8de3e388ef4bcfcf7f96b05f52c8e633b33cf8003a6b1d726fc7c2",
                "sha256:c59a953c3f8524a7c86eaeaef5bf702555be12f5668f6384149fe4bb75c52698",
                "sha256:cf2cc6c2c10d242790412bea7ccf73726a9a44b4c4b073d2699ef3b48971fd95",
                "sha256:e0c9c8d4150ae904f308ff27b35446990d2b1dfc944702a21925937e937394c6",
                "sha256:f1839db4c2b08a9c8f9788112644f8a8557e8e0ecc77b07091afabb941dc55d0",
                "sha256:f3df52362be39908f9c028a65490fae0475e4898b43a03d8aa29d1e765b45e07"
            ],
            "index": "pypi",
            "version": "==3.4.4"
        },
        "altgraph": {
            "hashes": [
                "sha256:d6814989f242b2b43025cba7161fc1b8fb487a62cd49c49245d6fd01c18ac997",
                "sha256:ddf5320017147ba7b810198e0b6619bd7b5563aa034da388cea8546b877f9b0c"
            ],
            "version": "==0.16.1"
        },
        "asn1crypto": {
            "hashes": [
                "sha256:2f1adbb7546ed199e3c90ef23ec95c5cf3585bac7d11fb7eb562a3fe89c64e87",
                "sha256:9d5c20441baf0cb60a4ac34cc447c6c189024b6b4c6cd7877034f4965c464e49"
            ],
            "version": "==0.24.0"
        },
        "async-timeout": {
            "hashes": [
                "sha256:0c3c816a028d47f659d6ff5c745cb2acf1f966da1fe5c19c77a70282b25f4c5f",
                "sha256:4291ca197d287d274d0b6cb5d6f8f8f82d434ed288f962539ff18cc9012f9ea3"
            ],
            "index": "pypi",
            "version": "==3.0.1"
        },
        "asyncssh": {
            "hashes": [
                "sha256:a80025ffa5f4f9a4d1aa6883f2b187fe536fa19e7d012027f57228608e2a3138",
                "sha256:cea856a89f48eff3358722af54170641e1bb32e4b9d63f83b5bdc4a1a0810c5b"
            ],
            "index": "pypi",
            "version": "==1.14.0"
        },
        "attrs": {
            "hashes": [
                "sha256:10cbf6e27dbce8c30807caf056c8eb50917e0eaafe86347671b57254006c3e69",
                "sha256:ca4be454458f9dec299268d472aaa5a11f67a4ff70093396e1ceae9c76cf4bbb"
            ],
            "version": "==18.2.0"
        },
        "cffi": {
            "hashes": [
                "sha256:151b7eefd035c56b2b2e1eb9963c90c6302dc15fbd8c1c0a83a163ff2c7d7743",
                "sha256:1553d1e99f035ace1c0544050622b7bc963374a00c467edafac50ad7bd276aef",
                "sha256:1b0493c091a1898f1136e3f4f991a784437fac3673780ff9de3bcf46c80b6b50",
                "sha256:2ba8a45822b7aee805ab49abfe7eec16b90587f7f26df20c71dd89e45a97076f",
                "sha256:3bb6bd7266598f318063e584378b8e27c67de998a43362e8fce664c54ee52d30",
                "sha256:3c85641778460581c42924384f5e68076d724ceac0f267d66c757f7535069c93",
                "sha256:3eb6434197633b7748cea30bf0ba9f66727cdce45117a712b29a443943733257",
                "sha256:495c5c2d43bf6cebe0178eb3e88f9c4aa48d8934aa6e3cddb865c058da76756b",
                "sha256:4c91af6e967c2015729d3e69c2e51d92f9898c330d6a851bf8f121236f3defd3",
                "sha256:57b2533356cb2d8fac1555815929f7f5f14d68ac77b085d2326b571310f34f6e",
                "sha256:770f3782b31f50b68627e22f91cb182c48c47c02eb405fd689472aa7b7aa16dc",
                "sha256:79f9b6f7c46ae1f8ded75f68cf8ad50e5729ed4d590c74840471fc2823457d04",
                "sha256:7a33145e04d44ce95bcd71e522b478d282ad0eafaf34fe1ec5bbd73e662f22b6",
                "sha256:857959354ae3a6fa3da6651b966d13b0a8bed6bbc87a0de7b38a549db1d2a359",
                "sha256:87f37fe5130574ff76c17cab61e7d2538a16f843bb7bca8ebbc4b12de3078596",
                "sha256:95d5251e4b5ca00061f9d9f3d6fe537247e145a8524ae9fd30a2f8fbce993b5b",
                "sha256:9d1d3e63a4afdc29bd76ce6aa9d58c771cd1599fbba8cf5057e7860b203710dd",
                "sha256:a36c5c154f9d42ec176e6e620cb0dd275744aa1d804786a71ac37dc3661a5e95",
                "sha256:a6a5cb8809091ec9ac03edde9304b3ad82ad4466333432b16d78ef40e0cce0d5",
                "sha256:ae5e35a2c189d397b91034642cb0eab0e346f776ec2eb44a49a459e6615d6e2e",
                "sha256:b0f7d4a3df8f06cf49f9f121bead236e328074de6449866515cea4907bbc63d6",
                "sha256:b75110fb114fa366b29a027d0c9be3709579602ae111ff61674d28c93606acca",
                "sha256:ba5e697569f84b13640c9e193170e89c13c6244c24400fc57e88724ef610cd31",
                "sha256:be2a9b390f77fd7676d80bc3cdc4f8edb940d8c198ed2d8c0be1319018c778e1",
                "sha256:ca1bd81f40adc59011f58159e4aa6445fc585a32bb8ac9badf7a2c1aa23822f2",
                "sha256:d5d8555d9bfc3f02385c1c37e9f998e2011f0db4f90e250e5bc0c0a85a813085",
                "sha256:e55e22ac0a30023426564b1059b035973ec82186ddddbac867078435801c7801",
                "sha256:e90f17980e6ab0f3c2f3730e56d1fe9bcba1891eeea58966e89d352492cc74f4",
                "sha256:ecbb7b01409e9b782df5ded849c178a0aa7c906cf8c5a67368047daab282b184",
                "sha256:ed01918d545a38998bfa5902c7c00e0fee90e957ce036a4000a88e3fe2264917",
                "sha256:edabd457cd23a02965166026fd9bfd196f4324fe6032e866d0f3bd0301cd486f",
                "sha256:fdf1c1dc5bafc32bc5d08b054f94d659422b05aba244d6be4ddc1c72d9aa70fb"
            ],
            "version": "==1.11.5"
        },
        "chardet": {
            "hashes": [
                "sha256:84ab92ed1c4d4f16916e05906b6b75a6c0fb5db821cc65e70cbd64a3e2a5eaae",
                "sha256:fc323ffcaeaed0e0a02bf4d117757b98aed530d9ed4531e3e15460124c106691"
            ],
            "version": "==3.0.4"
        },
        "confluent-kafka": {
            "hashes": [
                "sha256:1468028c553117a3f7799cf47bbf43c13b90736de32f6f24871da3a17083cfc4",
                "sha256:162ee73f30d4ba96476705faef8969e1d5ffeec335c576db949ab034807e3d6d",
                "sha256:1696927c59d4212adc974f90c2de2cfcd44ea24bb7428ff7fcaf88b1c81f2769",
                "sha256:1fd414e4bbf98602b98bd092c5b7585c1f8173a0a62832ae802d901da5a44252",
                "sha256:20b43aa5c542ec57840f33a4d2512da7f099dea4cd5366e7a1662db417d84d9d",
                "sha256:229c69710f36d70c64a2271cd1035b2c45fde0972e6759152e6c81ca5d6a6ace",
                "sha256:2beccdb3f819b6f37159a787fce269d15f7473336e623ea9fe093784ba21b0b7",
                "sha256:32be579922946e5c1befcb32cc1a2b448d93b44708602002494ade57f3feb6b5",
                "sha256:3c736617537c1797091482cf454b07b935d194b45b116ff995ec5fd9c163e4d8",
                "sha256:3d8c0aefeabfb73bdf0b7247715a74bb257f583a700cf09944fa9cbeb3d31f41",
                "sha256:4e2e35d73198ac57d424c09da398f5d7efef73e59907f3be948214df57d0b96c",
                "sha256:542086d98e9d21a2be3c6481b54d753c5d81c08ad701c551ece7b7bdcc984806",
                "sha256:6b2fbbc2b1f019a43dc77574bcda49c65a1e134c4d46222d28ab31c36a424af1",
                "sha256:7e8ab0528b2145ff26866b04eea1b455cc3f42e47c3cc23c150448f72061e65f",
                "sha256:8432302760f40f3622e33057b8be8fc0827d54a4e126fb49a15344fd6dfcc4c6",
                "sha256:ab8aeed39d71f03ef3fa0f900a64455f4cf88948d02eb0b0a4b3deff603c396d",
                "sha256:ad2a8b19878a231537922d90e7074ab3767cfd640c66d1cacff05065c3736e24",
                "sha256:b23f4971284936468dbd77906f732b7400da0abfc450c89d1258869c882e58f9",
                "sha256:d1a4768ab3a94e64fc43374c6acaec2bcaae874bd73919ba563e6b86e9766744",
                "sha256:d25522f009784c044018f67a99ef39e6b38928d9f03b91325b941c58f3f23c6c",
                "sha256:e1bef3f5861de4fb2d3f4ecb9028faf48885432e90ad31749f5adb4e608b135f",
                "sha256:f607294ad8222ca1164b0a34a26cbf7b66b9299dae1a98742bf1876a0a64fb64",
                "sha256:fa0693acb4f70542ccd6a9cbf4430fde864511e83e898a4905a12ea1cf7d3d29",
                "sha256:fbbdf9de3e373cc9a7ae6e0f2edeb7a00db9efc4892e62db38c4d869543d0aa6",
                "sha256:fcb1d47d6dde313115a22224b3a4d369cf2a5330647bcfd87ac22ad2c0b8ec53"
            ],
            "index": "pypi",
            "version": "==0.11.6"
        },
        "cryptography": {
            "hashes": [
                "sha256:02602e1672b62e803e08617ec286041cc453e8d43f093a5f4162095506bc0beb",
                "sha256:10b48e848e1edb93c1d3b797c83c72b4c387ab0eb4330aaa26da8049a6cbede0",
                "sha256:17db09db9d7c5de130023657be42689d1a5f60502a14f6f745f6f65a6b8195c0",
                "sha256:227da3a896df1106b1a69b1e319dce218fa04395e8cc78be7e31ca94c21254bc",
                "sha256:2cbaa03ac677db6c821dac3f4cdfd1461a32d0615847eedbb0df54bb7802e1f7",
                "sha256:31db8febfc768e4b4bd826750a70c79c99ea423f4697d1dab764eb9f9f849519",
                "sha256:4a510d268e55e2e067715d728e4ca6cd26a8e9f1f3d174faf88e6f2cb6b6c395",
                "sha256:6a88d9004310a198c474d8a822ee96a6dd6c01efe66facdf17cb692512ae5bc0",
                "sha256:76936ec70a9b72eb8c58314c38c55a0336a2b36de0c7ee8fb874a4547cadbd39",
                "sha256:7e3b4aecc4040928efa8a7cdaf074e868af32c58ffc9bb77e7bf2c1a16783286",
                "sha256:8168bcb08403ef144ff1fb880d416f49e2728101d02aaadfe9645883222c0aa5",
                "sha256:8229ceb79a1792823d87779959184a1bf95768e9248c93ae9f97c7a2f60376a1",
                "sha256:8a19e9f2fe69f6a44a5c156968d9fc8df56d09798d0c6a34ccc373bb186cee86",
                "sha256:8d10113ca826a4c29d5b85b2c4e045ffa8bad74fb525ee0eceb1d38d4c70dfd6",
                "sha256:be495b8ec5a939a7605274b6e59fbc35e76f5ad814ae010eb679529671c9e119",
                "sha256:dc2d3f3b1548f4d11786616cf0f4415e25b0fbecb8a1d2cd8c07568f13fdde38",
                "sha256:e4aecdd9d5a3d06c337894c9a6e2961898d3f64fe54ca920a72234a3de0f9cb3",
                "sha256:e79ab4485b99eacb2166f3212218dd858258f374855e1568f728462b0e6ee0d9",
                "sha256:f995d3667301e1754c57b04e0bae6f0fa9d710697a9f8d6712e8cca02550910f"
            ],
            "version": "==2.3.1"
        },
        "docutils": {
            "hashes": [
                "sha256:02aec4bd92ab067f6ff27a38a38a41173bf01bed8f89157768c1573f53e474a6",
                "sha256:51e64ef2ebfb29cae1faa133b3710143496eca21c530f3f71424d77687764274",
                "sha256:7a4bd47eaf6596e1295ecb11361139febe29b084a87bf005bf899f9a42edc3c6"
            ],
            "version": "==0.14"
        },
        "findspark": {
            "hashes": [
                "sha256:49d56b847138fc470415d615128c3504cb0faa09dd2fc79a9e0d84e3c0320d70",
                "sha256:ea9df8f8c24c2b070823b83637c8c69c725c523f061464b2e0aae87b8d505179"
            ],
            "index": "pypi",
            "version": "==1.3.0"
        },
        "flake8": {
            "hashes": [
                "sha256:6a35f5b8761f45c5513e3405f110a86bea57982c3b75b766ce7b65217abe1670",
                "sha256:c01f8a3963b3571a8e6bd7a4063359aff90749e160778e03817cd9b71c9e07d2"
            ],
            "index": "pypi",
            "version": "==3.6.0"
        },
        "future": {
            "hashes": [
                "sha256:eb6d4df04f1fb538c99f69c9a28b255d1ee4e825d479b9c62fc38c0cf38065a4"
            ],
            "version": "==0.17.0"
        },
        "idna": {
            "hashes": [
                "sha256:156a6814fb5ac1fc6850fb002e0852d56c0c8d2531923a51032d1b70760e186e",
                "sha256:684a38a6f903c1d71d6d5fac066b58d7768af4de2b832e426ec79c30daa94a16"
            ],
            "version": "==2.7"
        },
        "idna-ssl": {
            "hashes": [
                "sha256:a933e3bb13da54383f9e8f35dc4f9cb9eb9b3b78c6b36f311254d6d0d92c6c7c"
            ],
            "markers": "python_version < '3.7'",
            "version": "==1.1.0"
        },
        "lockfile": {
            "hashes": [
                "sha256:6aed02de03cba24efabcd600b30540140634fc06cfa603822d508d5361e9f799",
                "sha256:6c3cb24f344923d30b2785d5ad75182c8ea7ac1b6171b08657258ec7429d50fa"
            ],
            "version": "==0.12.2"
        },
        "macholib": {
            "hashes": [
                "sha256:ac02d29898cf66f27510d8f39e9112ae00590adb4a48ec57b25028d6962b1ae1",
                "sha256:c4180ffc6f909bf8db6cd81cff4b6f601d575568f4d5dee148c830e9851eb9db"
            ],
            "version": "==1.11"
        },
        "mccabe": {
            "hashes": [
                "sha256:ab8a6258860da4b6677da4bd2fe5dc2c659cff31b3ee4f7f5d64e79735b80d42",
                "sha256:dd8d182285a0fe56bace7f45b5e7d1a6ebcbf524e8f3bd87eb0f125271b8831f"
            ],
            "version": "==0.6.1"
        },
        "multidict": {
            "hashes": [
                "sha256:05eeab69bf2b0664644c62bd92fabb045163e5b8d4376a31dfb52ce0210ced7b",
                "sha256:0c85880efa7cadb18e3b5eef0aa075dc9c0a3064cbbaef2e20be264b9cf47a64",
                "sha256:136f5a4a6a4adeacc4dc820b8b22f0a378fb74f326e259c54d1817639d1d40a0",
                "sha256:14906ad3347c7d03e9101749b16611cf2028547716d0840838d3c5e2b3b0f2d3",
                "sha256:1ade4a3b71b1bf9e90c5f3d034a87fe4949c087ef1f6cd727fdd766fe8bbd121",
                "sha256:22939a00a511a59f9ecc0158b8db728afef57975ce3782b3a265a319d05b9b12",
                "sha256:2b86b02d872bc5ba5b3a4530f6a7ba0b541458ab4f7c1429a12ac326231203f7",
                "sha256:3c11e92c3dfc321014e22fb442bc9eb70e01af30d6ce442026b0c35723448c66",
                "sha256:4ba3bd26f282b201fdbce351f1c5d17ceb224cbedb73d6e96e6ce391b354aacc",
                "sha256:4c6e78d042e93751f60672989efbd6a6bc54213ed7ff695fff82784bbb9ea035",
                "sha256:4d80d1901b89cc935a6cf5b9fd89df66565272722fe2e5473168927a9937e0ca",
                "sha256:4fcf71d33178a00cc34a57b29f5dab1734b9ce0f1c97fb34666deefac6f92037",
                "sha256:52f7670b41d4b4d97866ebc38121de8bcb9813128b7c4942b07794d08193c0ab",
                "sha256:5368e2b7649a26b7253c6c9e53241248aab9da49099442f5be238fde436f18c9",
                "sha256:5bb65fbb48999044938f0c0508e929b14a9b8bf4939d8263e9ea6691f7b54663",
                "sha256:60672bb5577472800fcca1ac9dae232d1461db9f20f055184be8ce54b0052572",
                "sha256:669e9be6d148fc0283f53e17dd140cde4dc7c87edac8319147edd5aa2a830771",
                "sha256:6a0b7a804e8d1716aa2c72e73210b48be83d25ba9ec5cf52cf91122285707bb1",
                "sha256:79034ea3da3cf2a815e3e52afdc1f6c1894468c98bdce5d2546fa2342585497f",
                "sha256:79247feeef6abcc11137ad17922e865052f23447152059402fc320f99ff544bb",
                "sha256:81671c2049e6bf42c7fd11a060f8bc58f58b7b3d6f3f951fc0b15e376a6a5a98",
                "sha256:82ac4a5cb56cc9280d4ae52c2d2ebcd6e0668dd0f9ef17f0a9d7c82bd61e24fa",
                "sha256:9436267dbbaa49dad18fbbb54f85386b0f5818d055e7b8e01d219661b6745279",
                "sha256:94e4140bb1343115a1afd6d84ebf8fca5fb7bfb50e1c2cbd6f2fb5d3117ef102",
                "sha256:a2cab366eae8a0ffe0813fd8e335cf0d6b9bb6c5227315f53bb457519b811537",
                "sha256:a596019c3eafb1b0ae07db9f55a08578b43c79adb1fe1ab1fd818430ae59ee6f",
                "sha256:e8848ae3cd6a784c29fae5055028bee9bffcc704d8bcad09bd46b42b44a833e2",
                "sha256:e8a048bfd7d5a280f27527d11449a509ddedf08b58a09a24314828631c099306",
                "sha256:f6dd28a0ac60e2426a6918f36f1b4e2620fc785a0de7654cd206ba842eee57fd"
            ],
            "version": "==4.4.2"
        },
        "numpy": {
            "hashes": [
                "sha256:032df9b6571c5f1d41ea6f6a189223208cb488990373aa686aca55570fcccb42",
                "sha256:094f8a83e5bd0a44a7557fa24a46db6ba7d5299c389ddbc9e0e18722f567fb63",
                "sha256:1c0c80e74759fa4942298044274f2c11b08c86230b25b8b819e55e644f5ff2b6",
                "sha256:2aa0910eaeb603b1a5598193cc3bc8eacf1baf6c95cbc3955eb8e15fa380c133",
                "sha256:2f5ebc7a04885c7d69e5daa05208faef4db7f1ae6a99f4d36962df8cd54cdc76",
                "sha256:32a07241cb624e104b88b08dea2851bf4ec5d65a1f599d7735041ced7171fd7a",
                "sha256:3c7959f750b54b445f14962a3ddc41b9eadbab00b86da55fbb1967b2b79aad10",
                "sha256:3d8f9273c763a139a99e65c2a3c10f1109df30bedae7f011b10d95c538364704",
                "sha256:63bca71691339d2d6f8a7c970821f2b12098a53afccc0190d4e1555e75e5223a",
                "sha256:7ae9c3baff3b989859c88e0168ad10902118595b996bf781eaf011bb72428798",
                "sha256:866a7c8774ccc7d603667fad95456b4cf56d79a2bb5a7648ac9f0082e0b9416e",
                "sha256:8bc4b92a273659e44ca3f3a2f8786cfa39d8302223bcfe7df794429c63d5f5a1",
                "sha256:919f65e0732195474897b1cafefb4d4e7c2bb8174a725e506b62e9096e4df28d",
                "sha256:9d1598573d310104acb90377f0a8c2319f737084689f5eb18012becaf345cda5",
                "sha256:9fff90c88bfaad2901be50453d5cd7897a826c1d901f0654ee1d73ab3a48cd18",
                "sha256:a245464ddf6d90e2d6287e9cef6bcfda2a99467fdcf1b677b99cd0b6c7b43de2",
                "sha256:a988db28f54e104a01e8573ceb6f28202b4c15635b1450b2e3b2b822c6564f9b",
                "sha256:b12fe6f31babb9477aa0f9692730654b3ee0e71f33b4568170dfafd439caf0a2",
                "sha256:b7599ff4acd23f5de983e3aec772153b1043e131487a5c6ad0f94b41a828877a",
                "sha256:c9f4dafd6065c4c782be84cd67ceeb9b1d4380af60a7af32be10ebecd723385e",
                "sha256:ce3622b73ccd844ba301c1aea65d36cf9d8331e7c25c16b1725d0f14db99aaf4",
                "sha256:d0f36a24cf8061a2c03e151be3418146717505b9b4ec17502fa3bbdb04ec1431",
                "sha256:d263f8f14f2da0c079c0297e829e550d8f2c4e0ffef215506bd1d0ddd2bff3de",
                "sha256:d8837ff272800668aabdfe70b966631914b0d6513aed4fc1b1428446f771834d",
                "sha256:ef694fe72a3995aa778a5095bda946e0d31f7efabd5e8063ad8c6238ab7d3f78",
                "sha256:f1fd1a6f40a501ba4035f5ed2c1f4faa68245d1407bf97d2ee401e4f23d1720b",
                "sha256:fa337b6bd5fe2b8c4e705f4102186feb9985de9bb8536d32d5129a658f1789e0",
                "sha256:febd31cd0d2fd2509ca2ec53cb339f8bf593c1bd245b9fc55c1917a68532a0af"
            ],
            "version": "==1.15.3"
        },
        "pandas": {
            "hashes": [
                "sha256:11975fad9edbdb55f1a560d96f91830e83e29bed6ad5ebf506abda09818eaf60",
                "sha256:12e13d127ca1b585dd6f6840d3fe3fa6e46c36a6afe2dbc5cb0b57032c902e31",
                "sha256:1c87fcb201e1e06f66e23a61a5fea9eeebfe7204a66d99df24600e3f05168051",
                "sha256:242e9900de758e137304ad4b5663c2eff0d798c2c3b891250bd0bd97144579da",
                "sha256:26c903d0ae1542890cb9abadb4adcb18f356b14c2df46e4ff657ae640e3ac9e7",
                "sha256:2e1e88f9d3e5f107b65b59cd29f141995597b035d17cc5537e58142038942e1a",
                "sha256:31b7a48b344c14691a8e92765d4023f88902ba3e96e2e4d0364d3453cdfd50db",
                "sha256:4fd07a932b4352f8a8973761ab4e84f965bf81cc750fb38e04f01088ab901cb8",
                "sha256:5b24ca47acf69222e82530e89111dd9d14f9b970ab2cd3a1c2c78f0c4fbba4f4",
                "sha256:647b3b916cc8f6aeba240c8171be3ab799c3c1b2ea179a3be0bd2712c4237553",
                "sha256:66b060946046ca27c0e03e9bec9bba3e0b918bafff84c425ca2cc2e157ce121e",
                "sha256:6efa9fa6e1434141df8872d0fa4226fc301b17aacf37429193f9d70b426ea28f",
                "sha256:be4715c9d8367e51dbe6bc6d05e205b1ae234f0dc5465931014aa1c4af44c1ba",
                "sha256:bea90da782d8e945fccfc958585210d23de374fa9294a9481ed2abcef637ebfc",
                "sha256:d318d77ab96f66a59e792a481e2701fba879e1a453aefeebdb17444fe204d1ed",
                "sha256:d785fc08d6f4207437e900ffead930a61e634c5e4f980ba6d3dc03c9581748c7",
                "sha256:de9559287c4fe8da56e8c3878d2374abc19d1ba2b807bfa7553e912a8e5ba87c",
                "sha256:f4f98b190bb918ac0bc0e3dd2ab74ff3573da9f43106f6dba6385406912ec00f",
                "sha256:f71f1a7e2d03758f6e957896ed696254e2bc83110ddbc6942018f1a232dd9dad",
                "sha256:fb944c8f0b0ab5c1f7846c686bc4cdf8cde7224655c12edcd59d5212cd57bec0"
            ],
            "index": "pypi",
            "version": "==0.23.4"
        },
        "pefile": {
            "hashes": [
                "sha256:4c5b7e2de0c8cb6c504592167acf83115cbbde01fe4a507c16a1422850e86cd6"
            ],
            "version": "==2018.8.8"
        },
        "pyarrow": {
            "hashes": [
                "sha256:08cf372e4b6147afc020c4b803e0141b1a64b149e3e0db606a87c9b727880ce8",
                "sha256:23788dba72cb365435630142537b327577c20944060be6ab012bb81f8379e18b",
                "sha256:2e315224f8a8da69e50310ed3543cac40527dfa9a6d67c2285677ee40cb6bb3f",
                "sha256:36746973e7d82afe6e78e46968e9236351094d0fb943e817f7a6972bb5d6d574",
                "sha256:55ec39ae2c302e1e2c98008f1e69dc0d1a7efacdd15a9b9e3d04d25006989cd5",
                "sha256:5b7cb30bf43b5e485346c90fbb5c61ac5fd3f4476c16637196b36e8d1f2c89af",
                "sha256:a5519aac76168ed0b1ec37150b3c66e9d74a0838e210c6437c04c1caa3fdb9c6",
                "sha256:ab9e9bb53a11a55ae76c0384d0fd628c3013f5d222c9ab43e7e3bc90dbd36d9e",
                "sha256:b82edbd225b6f1b4c6512947aeda38a7b439027166574d6c429b9dc4b35e0e6c",
                "sha256:e74daadd14c6e8c5822b9dca09f6c388c4588a0c8f67ebd5dc741ea85662b43c",
                "sha256:f1ddc694375c985b350e545e9f33b3a86da4ddc40289cfca463ebffbb1d24d2a",
                "sha256:ff723618043421e05a302a1dd7169dfaa9a6a8ec87255be62407db9a205ed68e"
            ],
            "index": "pypi",
            "version": "==0.11.1"
        },
        "pycodestyle": {
            "hashes": [
                "sha256:cbc619d09254895b0d12c2c691e237b2e91e9b2ecf5e84c26b35400f93dcfb83",
                "sha256:cbfca99bd594a10f674d0cd97a3d802a1fdef635d4361e1a2658de47ed261e3a"
            ],
            "version": "==2.4.0"
        },
        "pycparser": {
            "hashes": [
                "sha256:a988718abfad80b6b157acce7bf130a30876d27603738ac39f140993246b25b3"
            ],
            "version": "==2.19"
        },
        "pyflakes": {
            "hashes": [
                "sha256:9a7662ec724d0120012f6e29d6248ae3727d821bba522a0e6b356eff19126a49",
                "sha256:f661252913bc1dbe7fcfcbf0af0db3f42ab65aabd1a6ca68fe5d466bace94dae"
            ],
            "version": "==2.0.0"
        },
        "pyinstaller": {
            "hashes": [
                "sha256:a5a6e04a66abfcf8761e89a2ebad937919c6be33a7b8963e1a961b55cb35986b"
            ],
            "index": "pypi",
            "version": "==3.4"
        },
        "python-daemon": {
            "hashes": [
                "sha256:aca149ebf7e73f10cd554b2df5c95295d49add8666348eff6195053ec307728c"
            ],
            "index": "pypi",
            "version": "==2.2.0"
        },
        "python-dateutil": {
            "hashes": [
                "sha256:063df5763652e21de43de7d9e00ccf239f953a832941e37be541614732cdfc93",
                "sha256:88f9287c0174266bb0d8cedd395cfba9c58e87e5ad86b2ce58859bc11be3cf02"
            ],
            "version": "==2.7.5"
        },
        "pytz": {
            "hashes": [
                "sha256:642253af8eae734d1509fc6ac9c1aee5e5b69d76392660889979b9870610a46b",
                "sha256:91e3ccf2c344ffaa6defba1ce7f38f97026943f675b7703f44789768e4cb0ece"
            ],
            "version": "==2018.6"
        },
        "pyyaml": {
            "hashes": [
                "sha256:3d7da3009c0f3e783b2c873687652d83b1bbfd5c88e9813fb7e5b03c0dd3108b",
                "sha256:3ef3092145e9b70e3ddd2c7ad59bdd0252a94dfe3949721633e41344de00a6bf",
                "sha256:40c71b8e076d0550b2e6380bada1f1cd1017b882f7e16f09a65be98e017f211a",
                "sha256:558dd60b890ba8fd982e05941927a3911dc409a63dcb8b634feaa0cda69330d3",
                "sha256:a7c28b45d9f99102fa092bb213aa12e0aaf9a6a1f5e395d36166639c1f96c3a1",
                "sha256:aa7dd4a6a427aed7df6fb7f08a580d68d9b118d90310374716ae90b710280af1",
                "sha256:bc558586e6045763782014934bfaf39d48b8ae85a2713117d16c39864085c613",
                "sha256:d46d7982b62e0729ad0175a9bc7e10a566fc07b224d2c79fafb5e032727eaa04",
                "sha256:d5eef459e30b09f5a098b9cea68bebfeb268697f78d647bd255a085371ac7f3f",
                "sha256:e01d3203230e1786cd91ccfdc8f8454c8069c91bee3962ad93b87a4b2860f537",
                "sha256:e170a9e6fcfd19021dd29845af83bb79236068bf5fd4df3327c1be18182b2531"
            ],
            "index": "pypi",
            "version": "==3.13"
        },
        "six": {
            "hashes": [
                "sha256:70e8a77beed4562e7f14fe23a786b54f6296e34344c23bc42f07b15018ff98e9",
                "sha256:832dc0e10feb1aa2c68dcc57dbb658f1c7e65b9b61af69048abc87a2db00a0eb"
            ],
            "version": "==1.11.0"
        },
        "textfsm": {
            "hashes": [
                "sha256:21a31e212d625d84a8c7a52f35055d536bd3a1c63d3d41ed65ee5d8bd5f29f00"
            ],
            "index": "pypi",
            "version": "==0.4.1"
        },
        "uvloop": {
            "hashes": [
                "sha256:0657ebcccb261bdd0a360c83dbc6c1218f13cf5c1a3f381bca68ba5977bb6e5a",
                "sha256:089b3513db7f2122ac00a9ce18be879d626a566537c93bbcbb54053e3f24acf5",
                "sha256:251744b1bb162577db2e48cccb28ec9bad4126591471e6ba63dcbe71abc1c741",
                "sha256:4076d40ae0b7557d5982ffe726b153c947a4d70725080ead0121006bdb9f7431",
                "sha256:58d6978112ff292cedf2fd754c8085c9a8c6b98737b8ab3cda3d2a081977a91e",
                "sha256:a97bd62ebbdf7e6e84bf44afe439d9b24ce4d8661a29a639626a8c03748f6f98",
                "sha256:c2e04cab3e2c71d79002a814a243bc42f0253eb761b1f3af989d38ec8142532c",
                "sha256:cbab9f6de63b10fc4991cbf9a720a8ceecfba501f5571f35fc3a74c76223ea66",
                "sha256:d3818242d174a326ea49e2e8f7c1e448432ce17ecb31aeb5084600950857b663",
                "sha256:f2ffcaa13a5e279d0b3296cd6c691df39876cc818482168a80edd3b0e5deef57"
            ],
            "index": "pypi",
            "version": "==0.11.2"
        },
        "yarl": {
            "hashes": [
                "sha256:2556b779125621b311844a072e0ed367e8409a18fa12cbd68eb1258d187820f9",
                "sha256:4aec0769f1799a9d4496827292c02a7b1f75c0bab56ab2b60dd94ebb57cbd5ee",
                "sha256:55369d95afaacf2fa6b49c84d18b51f1704a6560c432a0f9a1aeb23f7b971308",
                "sha256:6c098b85442c8fe3303e708bbb775afd0f6b29f77612e8892627bcab4b939357",
                "sha256:9182cd6f93412d32e009020a44d6d170d2093646464a88aeec2aef50592f8c78",
                "sha256:c8cbc21bbfa1dd7d5386d48cc814fe3d35b80f60299cdde9279046f399c3b0d8",
                "sha256:db6f70a4b09cde813a4807843abaaa60f3b15fb4a2a06f9ae9c311472662daa1",
                "sha256:f17495e6fe3d377e3faac68121caef6f974fcb9e046bc075bcff40d8e5cc69a4",
                "sha256:f85900b9cca0c67767bb61b2b9bd53208aaa7373dae633dbe25d179b4bf38aa7"
            ],
            "version": "==1.2.6"
        }
    },
    "develop": {}
}
